
Microsoft Visual Studio Solution File, Format Version 12.00
Project("{FAE04EC0-301F-11D3-BF4B-00C04F79EFBC}") = "SimpleResult", "src\SimpleResult\SimpleResult.csproj", "{DC1F6085-7230-492D-A6BF-308A562CE8EB}"
EndProject
Global
	GlobalSection(SolutionConfigurationPlatforms) = preSolution
		Debug|Any CPU = Debug|Any CPU
		Release|Any CPU = Release|Any CPU
	EndGlobalSection
	GlobalSection(ProjectConfigurationPlatforms) = postSolution
		{DC1F6085-7230-492D-A6BF-308A562CE8EB}.Debug|Any CPU.ActiveCfg = Debug|Any CPU
		{DC1F6085-7230-492D-A6BF-308A562CE8EB}.Debug|Any CPU.Build.0 = Debug|Any CPU
		{DC1F6085-7230-492D-A6BF-308A562CE8EB}.Release|Any CPU.ActiveCfg = Release|Any CPU
		{DC1F6085-7230-492D-A6BF-308A562CE8EB}.Release|Any CPU.Build.0 = Release|Any CPU
	EndGlobalSection
EndGlobal
